
Microsoft Visual Studio Solution File, Format Version 12.00
# Visual Studio Version 17
VisualStudioVersion = 17.9.34902.65
MinimumVisualStudioVersion = 10.0.40219.1
Project("{FAE04EC0-301F-11D3-BF4B-00C04F79EFBC}") = "Assignment3Solution", "Assignment3Solution.csproj", "{5E3143CD-1A22-4CB1-9B58-F1D1ED5E40F0}"
EndProject
Project("{FAE04EC0-301F-11D3-BF4B-00C04F79EFBC}") = "FinanceManagementSystem", "..\Q1_FinanceManagementSystem\FinanceManagementSystem.csproj", "{0EFF5D68-ABCB-44DE-814C-C69B4A0187D6}"
EndProject
Global
	GlobalSection(SolutionConfigurationPlatforms) = preSolution
		Debug|Any CPU = Debug|Any CPU
		Release|Any CPU = Release|Any CPU
	EndGlobalSection
	GlobalSection(ProjectConfigurationPlatforms) = postSolution
		{5E3143CD-1A22-4CB1-9B58-F1D1ED5E40F0}.Debug|Any CPU.ActiveCfg = Debug|Any CPU
		{5E3143CD-1A22-4CB1-9B58-F1D1ED5E40F0}.Debug|Any CPU.Build.0 = Debug|Any CPU
		{5E3143CD-1A22-4CB1-9B58-F1D1ED5E40F0}.Release|Any CPU.ActiveCfg = Release|Any CPU
		{5E3143CD-1A22-4CB1-9B58-F1D1ED5E40F0}.Release|Any CPU.Build.0 = Release|Any CPU
		{0EFF5D68-ABCB-44DE-814C-C69B4A0187D6}.Debug|Any CPU.ActiveCfg = Debug|Any CPU
		{0EFF5D68-ABCB-44DE-814C-C69B4A0187D6}.Debug|Any CPU.Build.0 = Debug|Any CPU
		{0EFF5D68-ABCB-44DE-814C-C69B4A0187D6}.Release|Any CPU.ActiveCfg = Release|Any CPU
		{0EFF5D68-ABCB-44DE-814C-C69B4A0187D6}.Release|Any CPU.Build.0 = Release|Any CPU
	EndGlobalSection
	GlobalSection(SolutionProperties) = preSolution
		HideSolutionNode = FALSE
	EndGlobalSection
	GlobalSection(ExtensibilityGlobals) = postSolution
		SolutionGuid = {7ABFCC28-7743-4917-A125-EB9BFD0A2123}
	EndGlobalSection
EndGlobal
