
Microsoft Visual Studio Solution File, Format Version 12.00
# Visual Studio Version 17
VisualStudioVersion = 17.9.34902.65
MinimumVisualStudioVersion = 10.0.40219.1
Project("{FAE04EC0-301F-11D3-BF4B-00C04F79EFBC}") = "WarehouseSystem", "WarehouseSystem.csproj", "{670BED40-B660-4F2C-A957-6AE9FDF43CEC}"
EndProject
Global
	GlobalSection(SolutionConfigurationPlatforms) = preSolution
		Debug|Any CPU = Debug|Any CPU
		Release|Any CPU = Release|Any CPU
	EndGlobalSection
	GlobalSection(ProjectConfigurationPlatforms) = postSolution
		{670BED40-B660-4F2C-A957-6AE9FDF43CEC}.Debug|Any CPU.ActiveCfg = Debug|Any CPU
		{670BED40-B660-4F2C-A957-6AE9FDF43CEC}.Debug|Any CPU.Build.0 = Debug|Any CPU
		{670BED40-B660-4F2C-A957-6AE9FDF43CEC}.Release|Any CPU.ActiveCfg = Release|Any CPU
		{670BED40-B660-4F2C-A957-6AE9FDF43CEC}.Release|Any CPU.Build.0 = Release|Any CPU
	EndGlobalSection
	GlobalSection(SolutionProperties) = preSolution
		HideSolutionNode = FALSE
	EndGlobalSection
	GlobalSection(ExtensibilityGlobals) = postSolution
		SolutionGuid = {6688D695-5366-4D37-9168-87FFAA91A2E8}
	EndGlobalSection
EndGlobal
